lockfileVersion: 1
lastUpdated: 2026-06-15T20:34:49.523Z
profiles:
  "@forgecat/dietrichgebert_ponytail":
    version: 0.1.4
    source: registry
    integrity: sha256-c489145ce769fee298f50872710c9b993cb81ade8640803cb2ee61656939d3c6
    installedAt: 2026-06-15T20:34:49.267Z
    files:
      .claude/commands/ponytail-audit.toml:
        originalHash: 1e2764d3aabfb293
        currentHash: 1e2764d3aabfb293
        status: clean
        resourceType: command
        platform: claude-code
        source: standard-convert
      .claude/commands/ponytail-debt.toml:
        originalHash: 765d9133e9f4f2e9
        currentHash: 765d9133e9f4f2e9
        status: clean
        resourceType: command
        platform: claude-code
        source: standard-convert
      .claude/commands/ponytail-review.toml:
        originalHash: 024265e86d17148a
        currentHash: 024265e86d17148a
        status: clean
        resourceType: command
        platform: claude-code
        source: standard-convert
      .claude/commands/ponytail.toml:
        originalHash: 9468d1e39fa681fc
        currentHash: 9468d1e39fa681fc
        status: clean
        resourceType: command
        platform: claude-code
        source: standard-convert
      .claude/skills/ponytail/SKILL.md:
        originalHash: 78c2b0eb9ec05a5d
        currentHash: 78c2b0eb9ec05a5d
        status: clean
        resourceType: skill
        platform: claude-code
        source: standard-convert
      .claude/skills/ponytail-debt/SKILL.md:
        originalHash: fa458c4fd7a4a0fc
        currentHash: fa458c4fd7a4a0fc
        status: clean
        resourceType: skill
        platform: claude-code
        source: standard-convert
      .claude/skills/ponytail-audit/SKILL.md:
        originalHash: df56e712a895c4eb
        currentHash: df56e712a895c4eb
        status: clean
        resourceType: skill
        platform: claude-code
        source: standard-convert
      .claude/skills/ponytail-review/SKILL.md:
        originalHash: c926e785b3583558
        currentHash: c926e785b3583558
        status: clean
        resourceType: skill
        platform: claude-code
        source: standard-convert
      .claude/skills/ponytail-help/SKILL.md:
        originalHash: e79d84c0bd920124
        currentHash: e79d84c0bd920124
        status: clean
        resourceType: skill
        platform: claude-code
        source: standard-convert
      .claude/settings.json:
        originalHash: ff265b7378ce0fc4
        currentHash: ff265b7378ce0fc4
        status: clean
        resourceType: hook
        platform: claude-code
        source: standard-convert
        mergeContent: >-
          {
            "hooks": {
              "SessionStart": [
                {
                  "_forgecat": "@forgecat/dietrichgebert_ponytail#ponytail-session-start",
                  "hooks": [
                    {
                      "type": "command",
                      "command": "./.forgecat/profiles/@forgecat/dietrichgebert_ponytail/hooks/_fc_wrap.sh claude-code ponytail-activate.js",
                      "timeout": 5
                    }
                  ]
                }
              ],
              "UserPromptSubmit": [
                {
                  "_forgecat": "@forgecat/dietrichgebert_ponytail#ponytail-user-prompt-submit",
                  "hooks": [
                    {
                      "type": "command",
                      "command": "./.forgecat/profiles/@forgecat/dietrichgebert_ponytail/hooks/_fc_wrap.sh claude-code ponytail-mode-tracker.js",
                      "timeout": 5
                    }
                  ]
                }
              ]
            }
          }
      .forgecat/profiles/@forgecat/dietrichgebert_ponytail/LICENSE:
        originalHash: ed12e98f6b41dc77
        currentHash: ed12e98f6b41dc77
        status: clean
        resourceType: other
        platform: shared
      .forgecat/profiles/@forgecat/dietrichgebert_ponytail/README.md:
        originalHash: 03ba2295c0b05bd9
        currentHash: 03ba2295c0b05bd9
        status: clean
        resourceType: other
        platform: shared
      .forgecat/profiles/@forgecat/dietrichgebert_ponytail/hooks/ponytail-activate.js:
        originalHash: f44aee70db73651b
        currentHash: f44aee70db73651b
        status: clean
        resourceType: other
        platform: shared
      .forgecat/profiles/@forgecat/dietrichgebert_ponytail/hooks/ponytail-mode-tracker.js:
        originalHash: 1a30d6486f1aa254
        currentHash: 1a30d6486f1aa254
        status: clean
        resourceType: other
        platform: shared
      .forgecat/profiles/@forgecat/dietrichgebert_ponytail/hooks/_fc_wrap.sh:
        originalHash: e17c7556b9f6ff78
        currentHash: e17c7556b9f6ff78
        status: clean
        resourceType: other
        platform: shared
    hookOptOut: false
